
Microsoft Visual Studio Solution File, Format Version 12.00
# Visual Studio Version 17
VisualStudioVersion = 17.4.33213.308
MinimumVisualStudioVersion = 10.0.40219.1
Project("{2150E333-8FDC-42A3-9474-1A3956D46DE8}") = "Session 1", "Session 1", "{829CADFF-7CDC-4B8F-845F-A11BE8344D86}"
EndProject
Project("{2150E333-8FDC-42A3-9474-1A3956D46DE8}") = "Session 3", "Session 3", "{5648ADC3-3ADC-4358-8E4B-8EC43EC709A2}"
EndProject
Project("{9A19103F-16F7-4668-BE54-9A1E7A4F7556}") = "Console App Introduksjon", "Console App Introduksjon\Console App Introduksjon.csproj", "{E13E764D-66EB-4543-B9C5-3B0C93AC427B}"
EndProject
Project("{9A19103F-16F7-4668-BE54-9A1E7A4F7556}") = "DemoProsjekt", "DemoProsjekt\DemoProsjekt.csproj", "{25B024AB-0BBF-430A-8A9B-51A8780744CC}"
EndProject
Project("{9A19103F-16F7-4668-BE54-9A1E7A4F7556}") = "CustomerInformation", "CustomerInformation\CustomerInformation.csproj", "{70B54449-3158-45E0-B1B6-78FF4911C59B}"
EndProject
Project("{2150E333-8FDC-42A3-9474-1A3956D46DE8}") = "Files", "Files", "{8DF4F13D-2A9D-4AFE-AEC5-E53FD771F383}"
	ProjectSection(SolutionItems) = preProject
		City.csv = City.csv
		Country.csv = Country.csv
		CountryLanguage.csv = CountryLanguage.csv
		Customers.csv = Customers.csv
		Employees.csv = Employees.csv
		Log.txt = Log.txt
		Payments.csv = Payments.csv
		SelectData.sql = SelectData.sql
	EndProjectSection
EndProject
Project("{2150E333-8FDC-42A3-9474-1A3956D46DE8}") = "Session 4", "Session 4", "{D8AC7B42-C7BB-4B5B-AFC4-3C0F848E12B9}"
EndProject
Project("{9A19103F-16F7-4668-BE54-9A1E7A4F7556}") = "ClassicModelsApp", "ClassicModelsApp\ClassicModelsApp.csproj", "{CA4795D4-F9D2-4568-BFB3-6C98BBC99BF2}"
EndProject
Project("{9A19103F-16F7-4668-BE54-9A1E7A4F7556}") = "ClassicModelsLibrary", "ClassicModelsLibrary\ClassicModelsLibrary.csproj", "{1DB245B1-8BFD-467C-88E0-A644597A0CB0}"
EndProject
Project("{2150E333-8FDC-42A3-9474-1A3956D46DE8}") = "Session 5", "Session 5", "{E4018A67-C94A-40A8-A1C4-A9834B070F25}"
	ProjectSection(SolutionItems) = preProject
		ukesoppdrag.txt = ukesoppdrag.txt
	EndProjectSection
EndProject
Project("{9A19103F-16F7-4668-BE54-9A1E7A4F7556}") = "WorldModelLibrary", "WorldModelLibrary\WorldModelLibrary.csproj", "{3F05E64E-53FE-4551-9996-80A2FE1C6591}"
EndProject
Project("{9A19103F-16F7-4668-BE54-9A1E7A4F7556}") = "GATools", "GATools\GATools.csproj", "{F531A679-9B22-487F-A1EA-34646AEBE9FD}"
EndProject
Project("{9A19103F-16F7-4668-BE54-9A1E7A4F7556}") = "WorldModelApp", "WorldModelApp\WorldModelApp.csproj", "{CFFCBA33-2595-4D15-9967-D4C4E6E13E8D}"
EndProject
Project("{2150E333-8FDC-42A3-9474-1A3956D46DE8}") = "Løsningsforslag", "Løsningsforslag", "{45EF2506-76A7-4682-A00D-F0ADA1E97CC2}"
EndProject
Project("{2150E333-8FDC-42A3-9474-1A3956D46DE8}") = "WinForms", "WinForms", "{6C9FB6E4-B731-478E-AE8F-FBD0BBDC3DEE}"
EndProject
Project("{9A19103F-16F7-4668-BE54-9A1E7A4F7556}") = "SimpleCalculator", "WinForms\SimpleCalculator\SimpleCalculator.csproj", "{9A3AF64D-4AB7-4D4B-9984-FAB9FF26F9BA}"
EndProject
Project("{9A19103F-16F7-4668-BE54-9A1E7A4F7556}") = "WorldModelGui", "WorldModelGui\WorldModelGui.csproj", "{254B5455-30CB-4457-A525-8BDE294783F5}"
EndProject
Project("{54435603-DBB4-11D2-8724-00A0C9A8B90C}") = "WorldView", "Setup\WorldView\WorldView.vdproj", "{FEAD09E9-66B0-4EBC-833B-E53504244492}"
EndProject
Project("{9A19103F-16F7-4668-BE54-9A1E7A4F7556}") = "DrawWithWinForm", "DrawWithWinForm\DrawWithWinForm.csproj", "{BA74EBF5-B0AC-4830-9B61-8394BDD7B4A2}"
EndProject
Project("{2150E333-8FDC-42A3-9474-1A3956D46DE8}") = "Draw Shape Demo", "Draw Shape Demo", "{C6D7FA42-6730-451B-ACF1-FDFE4979A7F7}"
EndProject
Global
	GlobalSection(SolutionConfigurationPlatforms) = preSolution
		Debug|Any CPU = Debug|Any CPU
		Release|Any CPU = Release|Any CPU
	EndGlobalSection
	GlobalSection(ProjectConfigurationPlatforms) = postSolution
		{E13E764D-66EB-4543-B9C5-3B0C93AC427B}.Debug|Any CPU.ActiveCfg = Debug|Any CPU
		{E13E764D-66EB-4543-B9C5-3B0C93AC427B}.Release|Any CPU.ActiveCfg = Release|Any CPU
		{E13E764D-66EB-4543-B9C5-3B0C93AC427B}.Release|Any CPU.Build.0 = Release|Any CPU
		{25B024AB-0BBF-430A-8A9B-51A8780744CC}.Debug|Any CPU.ActiveCfg = Debug|Any CPU
		{25B024AB-0BBF-430A-8A9B-51A8780744CC}.Release|Any CPU.ActiveCfg = Release|Any CPU
		{25B024AB-0BBF-430A-8A9B-51A8780744CC}.Release|Any CPU.Build.0 = Release|Any CPU
		{70B54449-3158-45E0-B1B6-78FF4911C59B}.Debug|Any CPU.ActiveCfg = Debug|Any CPU
		{70B54449-3158-45E0-B1B6-78FF4911C59B}.Release|Any CPU.ActiveCfg = Release|Any CPU
		{70B54449-3158-45E0-B1B6-78FF4911C59B}.Release|Any CPU.Build.0 = Release|Any CPU
		{CA4795D4-F9D2-4568-BFB3-6C98BBC99BF2}.Debug|Any CPU.ActiveCfg = Debug|Any CPU
		{CA4795D4-F9D2-4568-BFB3-6C98BBC99BF2}.Release|Any CPU.ActiveCfg = Release|Any CPU
		{CA4795D4-F9D2-4568-BFB3-6C98BBC99BF2}.Release|Any CPU.Build.0 = Release|Any CPU
		{1DB245B1-8BFD-467C-88E0-A644597A0CB0}.Debug|Any CPU.ActiveCfg = Debug|Any CPU
		{1DB245B1-8BFD-467C-88E0-A644597A0CB0}.Release|Any CPU.ActiveCfg = Release|Any CPU
		{1DB245B1-8BFD-467C-88E0-A644597A0CB0}.Release|Any CPU.Build.0 = Release|Any CPU
		{3F05E64E-53FE-4551-9996-80A2FE1C6591}.Debug|Any CPU.ActiveCfg = Debug|Any CPU
		{3F05E64E-53FE-4551-9996-80A2FE1C6591}.Debug|Any CPU.Build.0 = Debug|Any CPU
		{3F05E64E-53FE-4551-9996-80A2FE1C6591}.Release|Any CPU.ActiveCfg = Release|Any CPU
		{3F05E64E-53FE-4551-9996-80A2FE1C6591}.Release|Any CPU.Build.0 = Release|Any CPU
		{F531A679-9B22-487F-A1EA-34646AEBE9FD}.Debug|Any CPU.ActiveCfg = Debug|Any CPU
		{F531A679-9B22-487F-A1EA-34646AEBE9FD}.Debug|Any CPU.Build.0 = Debug|Any CPU
		{F531A679-9B22-487F-A1EA-34646AEBE9FD}.Release|Any CPU.ActiveCfg = Release|Any CPU
		{F531A679-9B22-487F-A1EA-34646AEBE9FD}.Release|Any CPU.Build.0 = Release|Any CPU
		{CFFCBA33-2595-4D15-9967-D4C4E6E13E8D}.Debug|Any CPU.ActiveCfg = Debug|Any CPU
		{CFFCBA33-2595-4D15-9967-D4C4E6E13E8D}.Release|Any CPU.ActiveCfg = Release|Any CPU
		{CFFCBA33-2595-4D15-9967-D4C4E6E13E8D}.Release|Any CPU.Build.0 = Release|Any CPU
		{9A3AF64D-4AB7-4D4B-9984-FAB9FF26F9BA}.Debug|Any CPU.ActiveCfg = Debug|Any CPU
		{9A3AF64D-4AB7-4D4B-9984-FAB9FF26F9BA}.Release|Any CPU.ActiveCfg = Release|Any CPU
		{9A3AF64D-4AB7-4D4B-9984-FAB9FF26F9BA}.Release|Any CPU.Build.0 = Release|Any CPU
		{254B5455-30CB-4457-A525-8BDE294783F5}.Debug|Any CPU.ActiveCfg = Debug|Any CPU
		{254B5455-30CB-4457-A525-8BDE294783F5}.Debug|Any CPU.Build.0 = Debug|Any CPU
		{254B5455-30CB-4457-A525-8BDE294783F5}.Release|Any CPU.ActiveCfg = Release|Any CPU
		{254B5455-30CB-4457-A525-8BDE294783F5}.Release|Any CPU.Build.0 = Release|Any CPU
		{FEAD09E9-66B0-4EBC-833B-E53504244492}.Debug|Any CPU.ActiveCfg = Debug
		{FEAD09E9-66B0-4EBC-833B-E53504244492}.Debug|Any CPU.Build.0 = Debug
		{FEAD09E9-66B0-4EBC-833B-E53504244492}.Release|Any CPU.ActiveCfg = Release
		{FEAD09E9-66B0-4EBC-833B-E53504244492}.Release|Any CPU.Build.0 = Release
		{BA74EBF5-B0AC-4830-9B61-8394BDD7B4A2}.Debug|Any CPU.ActiveCfg = Debug|Any CPU
		{BA74EBF5-B0AC-4830-9B61-8394BDD7B4A2}.Debug|Any CPU.Build.0 = Debug|Any CPU
		{BA74EBF5-B0AC-4830-9B61-8394BDD7B4A2}.Release|Any CPU.ActiveCfg = Release|Any CPU
		{BA74EBF5-B0AC-4830-9B61-8394BDD7B4A2}.Release|Any CPU.Build.0 = Release|Any CPU
	EndGlobalSection
	GlobalSection(SolutionProperties) = preSolution
		HideSolutionNode = FALSE
	EndGlobalSection
	GlobalSection(NestedProjects) = preSolution
		{E13E764D-66EB-4543-B9C5-3B0C93AC427B} = {829CADFF-7CDC-4B8F-845F-A11BE8344D86}
		{25B024AB-0BBF-430A-8A9B-51A8780744CC} = {5648ADC3-3ADC-4358-8E4B-8EC43EC709A2}
		{70B54449-3158-45E0-B1B6-78FF4911C59B} = {5648ADC3-3ADC-4358-8E4B-8EC43EC709A2}
		{CA4795D4-F9D2-4568-BFB3-6C98BBC99BF2} = {D8AC7B42-C7BB-4B5B-AFC4-3C0F848E12B9}
		{1DB245B1-8BFD-467C-88E0-A644597A0CB0} = {D8AC7B42-C7BB-4B5B-AFC4-3C0F848E12B9}
		{3F05E64E-53FE-4551-9996-80A2FE1C6591} = {45EF2506-76A7-4682-A00D-F0ADA1E97CC2}
		{F531A679-9B22-487F-A1EA-34646AEBE9FD} = {45EF2506-76A7-4682-A00D-F0ADA1E97CC2}
		{CFFCBA33-2595-4D15-9967-D4C4E6E13E8D} = {45EF2506-76A7-4682-A00D-F0ADA1E97CC2}
		{45EF2506-76A7-4682-A00D-F0ADA1E97CC2} = {E4018A67-C94A-40A8-A1C4-A9834B070F25}
		{6C9FB6E4-B731-478E-AE8F-FBD0BBDC3DEE} = {E4018A67-C94A-40A8-A1C4-A9834B070F25}
		{9A3AF64D-4AB7-4D4B-9984-FAB9FF26F9BA} = {6C9FB6E4-B731-478E-AE8F-FBD0BBDC3DEE}
		{254B5455-30CB-4457-A525-8BDE294783F5} = {45EF2506-76A7-4682-A00D-F0ADA1E97CC2}
		{FEAD09E9-66B0-4EBC-833B-E53504244492} = {45EF2506-76A7-4682-A00D-F0ADA1E97CC2}
		{BA74EBF5-B0AC-4830-9B61-8394BDD7B4A2} = {C6D7FA42-6730-451B-ACF1-FDFE4979A7F7}
	EndGlobalSection
	GlobalSection(ExtensibilityGlobals) = postSolution
		SolutionGuid = {EBBA7EE8-7E4C-4A78-9391-BE3CE2434B49}
	EndGlobalSection
EndGlobal
